
Microsoft Visual Studio Solution File, Format Version 12.00
# Visual Studio Version 17
VisualStudioVersion = 17.14.36121.58 d17.14
MinimumVisualStudioVersion = 10.0.40219.1
Project("{FAE04EC0-301F-11D3-BF4B-00C04F79EFBC}") = "Test1", "Test1\Test1.csproj", "{8BB23321-BD04-425F-85B1-E9A0C58E7284}"
EndProject
Global
	GlobalSection(SolutionConfigurationPlatforms) = preSolution
		Debug|Any CPU = Debug|Any CPU
		Release|Any CPU = Release|Any CPU
	EndGlobalSection
	GlobalSection(ProjectConfigurationPlatforms) = postSolution
		{8BB23321-BD04-425F-85B1-E9A0C58E7284}.Debug|Any CPU.ActiveCfg = Debug|Any CPU
		{8BB23321-BD04-425F-85B1-E9A0C58E7284}.Debug|Any CPU.Build.0 = Debug|Any CPU
		{8BB23321-BD04-425F-85B1-E9A0C58E7284}.Release|Any CPU.ActiveCfg = Release|Any CPU
		{8BB23321-BD04-425F-85B1-E9A0C58E7284}.Release|Any CPU.Build.0 = Release|Any CPU
	EndGlobalSection
	GlobalSection(SolutionProperties) = preSolution
		HideSolutionNode = FALSE
	EndGlobalSection
	GlobalSection(ExtensibilityGlobals) = postSolution
		SolutionGuid = {0F3A017E-8611-4891-883C-36839933968D}
	EndGlobalSection
EndGlobal
