
Microsoft Visual Studio Solution File, Format Version 12.00
# Visual Studio Version 17
VisualStudioVersion = 17.13.35825.156
MinimumVisualStudioVersion = 10.0.40219.1
Project("{FAE04EC0-301F-11D3-BF4B-00C04F79EFBC}") = "DAL004", "DAL004\DAL004.csproj", "{0AC0D717-07C7-493E-9E4D-63EDE4E4F565}"
EndProject
Project("{FAE04EC0-301F-11D3-BF4B-00C04F79EFBC}") = "Test_DAL004", "Test_DAL004\Test_DAL004.csproj", "{6CA590F9-7D08-41BD-AE94-AF7FD2EF7E32}"
EndProject
Project("{FAE04EC0-301F-11D3-BF4B-00C04F79EFBC}") = "ASPA004_1", "ASPA004_1\ASPA004_1.csproj", "{60B06FCB-0D47-4E21-BCC5-9CE7231CA2AE}"
EndProject
Project("{FAE04EC0-301F-11D3-BF4B-00C04F79EFBC}") = "ASPA004_2", "ASPA004_2\ASPA004_2.csproj", "{ABD6D09F-007F-41F3-99BF-ED9F1BE6DDAF}"
EndProject
Project("{FAE04EC0-301F-11D3-BF4B-00C04F79EFBC}") = "ASPA004_3", "ASPA004_3\ASPA004_3.csproj", "{49B0D42E-8CFC-417D-8FAE-2E66D7A02950}"
EndProject
Global
	GlobalSection(SolutionConfigurationPlatforms) = preSolution
		Debug|Any CPU = Debug|Any CPU
		Release|Any CPU = Release|Any CPU
	EndGlobalSection
	GlobalSection(ProjectConfigurationPlatforms) = postSolution
		{0AC0D717-07C7-493E-9E4D-63EDE4E4F565}.Debug|Any CPU.ActiveCfg = Debug|Any CPU
		{0AC0D717-07C7-493E-9E4D-63EDE4E4F565}.Debug|Any CPU.Build.0 = Debug|Any CPU
		{0AC0D717-07C7-493E-9E4D-63EDE4E4F565}.Release|Any CPU.ActiveCfg = Release|Any CPU
		{0AC0D717-07C7-493E-9E4D-63EDE4E4F565}.Release|Any CPU.Build.0 = Release|Any CPU
		{6CA590F9-7D08-41BD-AE94-AF7FD2EF7E32}.Debug|Any CPU.ActiveCfg = Debug|Any CPU
		{6CA590F9-7D08-41BD-AE94-AF7FD2EF7E32}.Debug|Any CPU.Build.0 = Debug|Any CPU
		{6CA590F9-7D08-41BD-AE94-AF7FD2EF7E32}.Release|Any CPU.ActiveCfg = Release|Any CPU
		{6CA590F9-7D08-41BD-AE94-AF7FD2EF7E32}.Release|Any CPU.Build.0 = Release|Any CPU
		{60B06FCB-0D47-4E21-BCC5-9CE7231CA2AE}.Debug|Any CPU.ActiveCfg = Debug|Any CPU
		{60B06FCB-0D47-4E21-BCC5-9CE7231CA2AE}.Debug|Any CPU.Build.0 = Debug|Any CPU
		{60B06FCB-0D47-4E21-BCC5-9CE7231CA2AE}.Release|Any CPU.ActiveCfg = Release|Any CPU
		{60B06FCB-0D47-4E21-BCC5-9CE7231CA2AE}.Release|Any CPU.Build.0 = Release|Any CPU
		{ABD6D09F-007F-41F3-99BF-ED9F1BE6DDAF}.Debug|Any CPU.ActiveCfg = Debug|Any CPU
		{ABD6D09F-007F-41F3-99BF-ED9F1BE6DDAF}.Debug|Any CPU.Build.0 = Debug|Any CPU
		{ABD6D09F-007F-41F3-99BF-ED9F1BE6DDAF}.Release|Any CPU.ActiveCfg = Release|Any CPU
		{ABD6D09F-007F-41F3-99BF-ED9F1BE6DDAF}.Release|Any CPU.Build.0 = Release|Any CPU
		{49B0D42E-8CFC-417D-8FAE-2E66D7A02950}.Debug|Any CPU.ActiveCfg = Debug|Any CPU
		{49B0D42E-8CFC-417D-8FAE-2E66D7A02950}.Debug|Any CPU.Build.0 = Debug|Any CPU
		{49B0D42E-8CFC-417D-8FAE-2E66D7A02950}.Release|Any CPU.ActiveCfg = Release|Any CPU
		{49B0D42E-8CFC-417D-8FAE-2E66D7A02950}.Release|Any CPU.Build.0 = Release|Any CPU
	EndGlobalSection
	GlobalSection(SolutionProperties) = preSolution
		HideSolutionNode = FALSE
	EndGlobalSection
	GlobalSection(ExtensibilityGlobals) = postSolution
		SolutionGuid = {54E78EFA-ECA8-4360-84C8-AE8AC05BBB29}
	EndGlobalSection
EndGlobal
