
Microsoft Visual Studio Solution File, Format Version 12.00
# Visual Studio Version 17
VisualStudioVersion = 17.13.35825.156
MinimumVisualStudioVersion = 10.0.40219.1
Project("{FAE04EC0-301F-11D3-BF4B-00C04F79EFBC}") = "DAL003", "DAL003\DAL003.csproj", "{C6FEE122-0351-44DE-A421-ABD25479D45E}"
EndProject
Project("{FAE04EC0-301F-11D3-BF4B-00C04F79EFBC}") = "Test_DAL003", "Test_DAL003\Test_DAL003.csproj", "{4929DAD9-F42E-409B-9C14-E7B5DA48ECA9}"
EndProject
Project("{FAE04EC0-301F-11D3-BF4B-00C04F79EFBC}") = "ASPA003", "ASPA003\ASPA003.csproj", "{EADEE9E7-0FF5-42A3-97DC-313EE9A67612}"
EndProject
Global
	GlobalSection(SolutionConfigurationPlatforms) = preSolution
		Debug|Any CPU = Debug|Any CPU
		Release|Any CPU = Release|Any CPU
	EndGlobalSection
	GlobalSection(ProjectConfigurationPlatforms) = postSolution
		{C6FEE122-0351-44DE-A421-ABD25479D45E}.Debug|Any CPU.ActiveCfg = Debug|Any CPU
		{C6FEE122-0351-44DE-A421-ABD25479D45E}.Debug|Any CPU.Build.0 = Debug|Any CPU
		{C6FEE122-0351-44DE-A421-ABD25479D45E}.Release|Any CPU.ActiveCfg = Release|Any CPU
		{C6FEE122-0351-44DE-A421-ABD25479D45E}.Release|Any CPU.Build.0 = Release|Any CPU
		{4929DAD9-F42E-409B-9C14-E7B5DA48ECA9}.Debug|Any CPU.ActiveCfg = Debug|Any CPU
		{4929DAD9-F42E-409B-9C14-E7B5DA48ECA9}.Debug|Any CPU.Build.0 = Debug|Any CPU
		{4929DAD9-F42E-409B-9C14-E7B5DA48ECA9}.Release|Any CPU.ActiveCfg = Release|Any CPU
		{4929DAD9-F42E-409B-9C14-E7B5DA48ECA9}.Release|Any CPU.Build.0 = Release|Any CPU
		{EADEE9E7-0FF5-42A3-97DC-313EE9A67612}.Debug|Any CPU.ActiveCfg = Debug|Any CPU
		{EADEE9E7-0FF5-42A3-97DC-313EE9A67612}.Debug|Any CPU.Build.0 = Debug|Any CPU
		{EADEE9E7-0FF5-42A3-97DC-313EE9A67612}.Release|Any CPU.ActiveCfg = Release|Any CPU
		{EADEE9E7-0FF5-42A3-97DC-313EE9A67612}.Release|Any CPU.Build.0 = Release|Any CPU
	EndGlobalSection
	GlobalSection(SolutionProperties) = preSolution
		HideSolutionNode = FALSE
	EndGlobalSection
	GlobalSection(ExtensibilityGlobals) = postSolution
		SolutionGuid = {5BF16176-544A-44E0-9481-E5164F685535}
	EndGlobalSection
EndGlobal
