
Microsoft Visual Studio Solution File, Format Version 12.00
# Visual Studio Version 17
VisualStudioVersion = 17.7.34024.191
MinimumVisualStudioVersion = 10.0.40219.1
Project("{8BC9CEB8-8B4A-11D0-8D11-00A0C91BC942}") = "lab 6", "lab 6\lab 6.vcxproj", "{ABD8942B-AD37-4CC4-B433-A1AE268AAE2C}"
EndProject
Project("{8BC9CEB8-8B4A-11D0-8D11-00A0C91BC942}") = "lab 6-2", "lab 6-2\lab 6-2.vcxproj", "{82BF937C-1E57-4928-8BF3-78E583D5875B}"
EndProject
Project("{8BC9CEB8-8B4A-11D0-8D11-00A0C91BC942}") = "lab 6-3", "lab 6-3\lab 6-3.vcxproj", "{10312060-ECB1-4C42-9BC3-978CED60799E}"
EndProject
Project("{8BC9CEB8-8B4A-11D0-8D11-00A0C91BC942}") = "lab 6-4", "lab 6-4\lab 6-4.vcxproj", "{7957DE5C-D3AA-4F28-A790-CCEF3F664E8B}"
EndProject
Project("{8BC9CEB8-8B4A-11D0-8D11-00A0C91BC942}") = "lab 6-5", "lab 6-5\lab 6-5.vcxproj", "{E89B7148-F236-4649-8366-794BDCF42359}"
EndProject
Project("{8BC9CEB8-8B4A-11D0-8D11-00A0C91BC942}") = "lab 6-6", "lab 6-6\lab 6-6.vcxproj", "{82EB94CD-8991-4B8C-B9D4-15F306134834}"
EndProject
Global
	GlobalSection(SolutionConfigurationPlatforms) = preSolution
		Debug|x64 = Debug|x64
		Debug|x86 = Debug|x86
		Release|x64 = Release|x64
		Release|x86 = Release|x86
	EndGlobalSection
	GlobalSection(ProjectConfigurationPlatforms) = postSolution
		{ABD8942B-AD37-4CC4-B433-A1AE268AAE2C}.Debug|x64.ActiveCfg = Debug|x64
		{ABD8942B-AD37-4CC4-B433-A1AE268AAE2C}.Debug|x64.Build.0 = Debug|x64
		{ABD8942B-AD37-4CC4-B433-A1AE268AAE2C}.Debug|x86.ActiveCfg = Debug|Win32
		{ABD8942B-AD37-4CC4-B433-A1AE268AAE2C}.Debug|x86.Build.0 = Debug|Win32
		{ABD8942B-AD37-4CC4-B433-A1AE268AAE2C}.Release|x64.ActiveCfg = Release|x64
		{ABD8942B-AD37-4CC4-B433-A1AE268AAE2C}.Release|x64.Build.0 = Release|x64
		{ABD8942B-AD37-4CC4-B433-A1AE268AAE2C}.Release|x86.ActiveCfg = Release|Win32
		{ABD8942B-AD37-4CC4-B433-A1AE268AAE2C}.Release|x86.Build.0 = Release|Win32
		{82BF937C-1E57-4928-8BF3-78E583D5875B}.Debug|x64.ActiveCfg = Debug|x64
		{82BF937C-1E57-4928-8BF3-78E583D5875B}.Debug|x64.Build.0 = Debug|x64
		{82BF937C-1E57-4928-8BF3-78E583D5875B}.Debug|x86.ActiveCfg = Debug|Win32
		{82BF937C-1E57-4928-8BF3-78E583D5875B}.Debug|x86.Build.0 = Debug|Win32
		{82BF937C-1E57-4928-8BF3-78E583D5875B}.Release|x64.ActiveCfg = Release|x64
		{82BF937C-1E57-4928-8BF3-78E583D5875B}.Release|x64.Build.0 = Release|x64
		{82BF937C-1E57-4928-8BF3-78E583D5875B}.Release|x86.ActiveCfg = Release|Win32
		{82BF937C-1E57-4928-8BF3-78E583D5875B}.Release|x86.Build.0 = Release|Win32
		{10312060-ECB1-4C42-9BC3-978CED60799E}.Debug|x64.ActiveCfg = Debug|x64
		{10312060-ECB1-4C42-9BC3-978CED60799E}.Debug|x64.Build.0 = Debug|x64
		{10312060-ECB1-4C42-9BC3-978CED60799E}.Debug|x86.ActiveCfg = Debug|Win32
		{10312060-ECB1-4C42-9BC3-978CED60799E}.Debug|x86.Build.0 = Debug|Win32
		{10312060-ECB1-4C42-9BC3-978CED60799E}.Release|x64.ActiveCfg = Release|x64
		{10312060-ECB1-4C42-9BC3-978CED60799E}.Release|x64.Build.0 = Release|x64
		{10312060-ECB1-4C42-9BC3-978CED60799E}.Release|x86.ActiveCfg = Release|Win32
		{10312060-ECB1-4C42-9BC3-978CED60799E}.Release|x86.Build.0 = Release|Win32
		{7957DE5C-D3AA-4F28-A790-CCEF3F664E8B}.Debug|x64.ActiveCfg = Debug|x64
		{7957DE5C-D3AA-4F28-A790-CCEF3F664E8B}.Debug|x64.Build.0 = Debug|x64
		{7957DE5C-D3AA-4F28-A790-CCEF3F664E8B}.Debug|x86.ActiveCfg = Debug|Win32
		{7957DE5C-D3AA-4F28-A790-CCEF3F664E8B}.Debug|x86.Build.0 = Debug|Win32
		{7957DE5C-D3AA-4F28-A790-CCEF3F664E8B}.Release|x64.ActiveCfg = Release|x64
		{7957DE5C-D3AA-4F28-A790-CCEF3F664E8B}.Release|x64.Build.0 = Release|x64
		{7957DE5C-D3AA-4F28-A790-CCEF3F664E8B}.Release|x86.ActiveCfg = Release|Win32
		{7957DE5C-D3AA-4F28-A790-CCEF3F664E8B}.Release|x86.Build.0 = Release|Win32
		{E89B7148-F236-4649-8366-794BDCF42359}.Debug|x64.ActiveCfg = Debug|x64
		{E89B7148-F236-4649-8366-794BDCF42359}.Debug|x64.Build.0 = Debug|x64
		{E89B7148-F236-4649-8366-794BDCF42359}.Debug|x86.ActiveCfg = Debug|Win32
		{E89B7148-F236-4649-8366-794BDCF42359}.Debug|x86.Build.0 = Debug|Win32
		{E89B7148-F236-4649-8366-794BDCF42359}.Release|x64.ActiveCfg = Release|x64
		{E89B7148-F236-4649-8366-794BDCF42359}.Release|x64.Build.0 = Release|x64
		{E89B7148-F236-4649-8366-794BDCF42359}.Release|x86.ActiveCfg = Release|Win32
		{E89B7148-F236-4649-8366-794BDCF42359}.Release|x86.Build.0 = Release|Win32
		{82EB94CD-8991-4B8C-B9D4-15F306134834}.Debug|x64.ActiveCfg = Debug|x64
		{82EB94CD-8991-4B8C-B9D4-15F306134834}.Debug|x64.Build.0 = Debug|x64
		{82EB94CD-8991-4B8C-B9D4-15F306134834}.Debug|x86.ActiveCfg = Debug|Win32
		{82EB94CD-8991-4B8C-B9D4-15F306134834}.Debug|x86.Build.0 = Debug|Win32
		{82EB94CD-8991-4B8C-B9D4-15F306134834}.Release|x64.ActiveCfg = Release|x64
		{82EB94CD-8991-4B8C-B9D4-15F306134834}.Release|x64.Build.0 = Release|x64
		{82EB94CD-8991-4B8C-B9D4-15F306134834}.Release|x86.ActiveCfg = Release|Win32
		{82EB94CD-8991-4B8C-B9D4-15F306134834}.Release|x86.Build.0 = Release|Win32
	EndGlobalSection
	GlobalSection(SolutionProperties) = preSolution
		HideSolutionNode = FALSE
	EndGlobalSection
	GlobalSection(ExtensibilityGlobals) = postSolution
		SolutionGuid = {DF09EC22-DC6F-482B-BAB0-86B282944BA2}
	EndGlobalSection
EndGlobal
