
Microsoft Visual Studio Solution File, Format Version 12.00
# Visual Studio Version 17
VisualStudioVersion = 17.9.34723.18
MinimumVisualStudioVersion = 10.0.40219.1
Project("{8BC9CEB8-8B4A-11D0-8D11-00A0C91BC942}") = "Lab_08", "Lab_08\Lab_08.vcxproj", "{4761FB48-0E26-4D9D-BBC2-B4C91F66D941}"
EndProject
Project("{8BC9CEB8-8B4A-11D0-8D11-00A0C91BC942}") = "Dop_1", "Dop_1\Dop_1.vcxproj", "{B4C15F7B-689F-4398-9129-83D566831D27}"
EndProject
Project("{8BC9CEB8-8B4A-11D0-8D11-00A0C91BC942}") = "Dop_2", "Dop_2\Dop_2.vcxproj", "{0EA772DA-7384-4065-BA3E-27EACFBFB860}"
EndProject
Project("{8BC9CEB8-8B4A-11D0-8D11-00A0C91BC942}") = "Dop_3", "Dop_3\Dop_3.vcxproj", "{772686FF-BA8A-4582-B08E-71CF60238119}"
EndProject
Global
	GlobalSection(SolutionConfigurationPlatforms) = preSolution
		Debug|x64 = Debug|x64
		Debug|x86 = Debug|x86
		Release|x64 = Release|x64
		Release|x86 = Release|x86
	EndGlobalSection
	GlobalSection(ProjectConfigurationPlatforms) = postSolution
		{4761FB48-0E26-4D9D-BBC2-B4C91F66D941}.Debug|x64.ActiveCfg = Debug|x64
		{4761FB48-0E26-4D9D-BBC2-B4C91F66D941}.Debug|x64.Build.0 = Debug|x64
		{4761FB48-0E26-4D9D-BBC2-B4C91F66D941}.Debug|x86.ActiveCfg = Debug|Win32
		{4761FB48-0E26-4D9D-BBC2-B4C91F66D941}.Debug|x86.Build.0 = Debug|Win32
		{4761FB48-0E26-4D9D-BBC2-B4C91F66D941}.Release|x64.ActiveCfg = Release|x64
		{4761FB48-0E26-4D9D-BBC2-B4C91F66D941}.Release|x64.Build.0 = Release|x64
		{4761FB48-0E26-4D9D-BBC2-B4C91F66D941}.Release|x86.ActiveCfg = Release|Win32
		{4761FB48-0E26-4D9D-BBC2-B4C91F66D941}.Release|x86.Build.0 = Release|Win32
		{B4C15F7B-689F-4398-9129-83D566831D27}.Debug|x64.ActiveCfg = Debug|x64
		{B4C15F7B-689F-4398-9129-83D566831D27}.Debug|x64.Build.0 = Debug|x64
		{B4C15F7B-689F-4398-9129-83D566831D27}.Debug|x86.ActiveCfg = Debug|Win32
		{B4C15F7B-689F-4398-9129-83D566831D27}.Debug|x86.Build.0 = Debug|Win32
		{B4C15F7B-689F-4398-9129-83D566831D27}.Release|x64.ActiveCfg = Release|x64
		{B4C15F7B-689F-4398-9129-83D566831D27}.Release|x64.Build.0 = Release|x64
		{B4C15F7B-689F-4398-9129-83D566831D27}.Release|x86.ActiveCfg = Release|Win32
		{B4C15F7B-689F-4398-9129-83D566831D27}.Release|x86.Build.0 = Release|Win32
		{0EA772DA-7384-4065-BA3E-27EACFBFB860}.Debug|x64.ActiveCfg = Debug|x64
		{0EA772DA-7384-4065-BA3E-27EACFBFB860}.Debug|x64.Build.0 = Debug|x64
		{0EA772DA-7384-4065-BA3E-27EACFBFB860}.Debug|x86.ActiveCfg = Debug|Win32
		{0EA772DA-7384-4065-BA3E-27EACFBFB860}.Debug|x86.Build.0 = Debug|Win32
		{0EA772DA-7384-4065-BA3E-27EACFBFB860}.Release|x64.ActiveCfg = Release|x64
		{0EA772DA-7384-4065-BA3E-27EACFBFB860}.Release|x64.Build.0 = Release|x64
		{0EA772DA-7384-4065-BA3E-27EACFBFB860}.Release|x86.ActiveCfg = Release|Win32
		{0EA772DA-7384-4065-BA3E-27EACFBFB860}.Release|x86.Build.0 = Release|Win32
		{772686FF-BA8A-4582-B08E-71CF60238119}.Debug|x64.ActiveCfg = Debug|x64
		{772686FF-BA8A-4582-B08E-71CF60238119}.Debug|x64.Build.0 = Debug|x64
		{772686FF-BA8A-4582-B08E-71CF60238119}.Debug|x86.ActiveCfg = Debug|Win32
		{772686FF-BA8A-4582-B08E-71CF60238119}.Debug|x86.Build.0 = Debug|Win32
		{772686FF-BA8A-4582-B08E-71CF60238119}.Release|x64.ActiveCfg = Release|x64
		{772686FF-BA8A-4582-B08E-71CF60238119}.Release|x64.Build.0 = Release|x64
		{772686FF-BA8A-4582-B08E-71CF60238119}.Release|x86.ActiveCfg = Release|Win32
		{772686FF-BA8A-4582-B08E-71CF60238119}.Release|x86.Build.0 = Release|Win32
	EndGlobalSection
	GlobalSection(SolutionProperties) = preSolution
		HideSolutionNode = FALSE
	EndGlobalSection
	GlobalSection(ExtensibilityGlobals) = postSolution
		SolutionGuid = {4DD4CA2F-44E7-458B-B511-7D914C248F97}
	EndGlobalSection
EndGlobal
