
Microsoft Visual Studio Solution File, Format Version 12.00
# Visual Studio Version 17
VisualStudioVersion = 17.13.35825.156
MinimumVisualStudioVersion = 10.0.40219.1
Project("{FAE04EC0-301F-11D3-BF4B-00C04F79EFBC}") = "ASPA002_1", "ASPA002_1\ASPA002_1.csproj", "{37E03AD3-C86F-488C-B433-93D78B3C1871}"
EndProject
Project("{FAE04EC0-301F-11D3-BF4B-00C04F79EFBC}") = "ASPA002_2", "ASPA002_2\ASPA002_2.csproj", "{510C4733-3CAF-4ADC-9394-F4697D919510}"
EndProject
Project("{FAE04EC0-301F-11D3-BF4B-00C04F79EFBC}") = "ASPA002_3", "ASPA002_3\ASPA002_3.csproj", "{414C0FDD-968E-4F28-A09E-AC7A256F00BB}"
EndProject
Global
	GlobalSection(SolutionConfigurationPlatforms) = preSolution
		Debug|Any CPU = Debug|Any CPU
		Release|Any CPU = Release|Any CPU
	EndGlobalSection
	GlobalSection(ProjectConfigurationPlatforms) = postSolution
		{37E03AD3-C86F-488C-B433-93D78B3C1871}.Debug|Any CPU.ActiveCfg = Debug|Any CPU
		{37E03AD3-C86F-488C-B433-93D78B3C1871}.Debug|Any CPU.Build.0 = Debug|Any CPU
		{37E03AD3-C86F-488C-B433-93D78B3C1871}.Release|Any CPU.ActiveCfg = Release|Any CPU
		{37E03AD3-C86F-488C-B433-93D78B3C1871}.Release|Any CPU.Build.0 = Release|Any CPU
		{510C4733-3CAF-4ADC-9394-F4697D919510}.Debug|Any CPU.ActiveCfg = Debug|Any CPU
		{510C4733-3CAF-4ADC-9394-F4697D919510}.Debug|Any CPU.Build.0 = Debug|Any CPU
		{510C4733-3CAF-4ADC-9394-F4697D919510}.Release|Any CPU.ActiveCfg = Release|Any CPU
		{510C4733-3CAF-4ADC-9394-F4697D919510}.Release|Any CPU.Build.0 = Release|Any CPU
		{414C0FDD-968E-4F28-A09E-AC7A256F00BB}.Debug|Any CPU.ActiveCfg = Debug|Any CPU
		{414C0FDD-968E-4F28-A09E-AC7A256F00BB}.Debug|Any CPU.Build.0 = Debug|Any CPU
		{414C0FDD-968E-4F28-A09E-AC7A256F00BB}.Release|Any CPU.ActiveCfg = Release|Any CPU
		{414C0FDD-968E-4F28-A09E-AC7A256F00BB}.Release|Any CPU.Build.0 = Release|Any CPU
	EndGlobalSection
	GlobalSection(SolutionProperties) = preSolution
		HideSolutionNode = FALSE
	EndGlobalSection
	GlobalSection(ExtensibilityGlobals) = postSolution
		SolutionGuid = {61AC3364-45FF-47B1-9C16-C05AC4018EAF}
	EndGlobalSection
EndGlobal
